
Microsoft Visual Studio Solution File, Format Version 12.00
# Visual Studio Version 16
VisualStudioVersion = 16.0.29806.167
MinimumVisualStudioVersion = 10.0.40219.1
Project("{9A19103F-16F7-4668-BE54-9A1E7A4F7556}") = "SimpleTree", "SimpleTree\SimpleTree.csproj", "{B64287C5-4B4A-4790-A3BF-FB4B10E61394}"
EndProject
Project("{9A19103F-16F7-4668-BE54-9A1E7A4F7556}") = "SimpleTree.ManualTest", "SimpleTree.ManualTest\SimpleTree.ManualTest.csproj", "{637E8001-41F3-43C2-9BCE-5D232BB57BC2}"
EndProject
Project("{2150E333-8FDC-42A3-9474-1A3956D46DE8}") = "Solution Items", "Solution Items", "{161A765B-96B2-4302-8016-F8EAE0A099E4}"
	ProjectSection(SolutionItems) = preProject
		LICENSE.txt = LICENSE.txt
	EndProjectSection
EndProject
Project("{FAE04EC0-301F-11D3-BF4B-00C04F79EFBC}") = "SimpleTree.XUnitTests", "SimpleTree.XUnitTests\SimpleTree.XUnitTests.csproj", "{1B3E2138-A1D0-4576-BB8B-A9E8E6B84FBE}"
EndProject
Global
	GlobalSection(SolutionConfigurationPlatforms) = preSolution
		Debug|Any CPU = Debug|Any CPU
		Release|Any CPU = Release|Any CPU
	EndGlobalSection
	GlobalSection(ProjectConfigurationPlatforms) = postSolution
		{B64287C5-4B4A-4790-A3BF-FB4B10E61394}.Debug|Any CPU.ActiveCfg = Debug|Any CPU
		{B64287C5-4B4A-4790-A3BF-FB4B10E61394}.Debug|Any CPU.Build.0 = Debug|Any CPU
		{B64287C5-4B4A-4790-A3BF-FB4B10E61394}.Release|Any CPU.ActiveCfg = Release|Any CPU
		{B64287C5-4B4A-4790-A3BF-FB4B10E61394}.Release|Any CPU.Build.0 = Release|Any CPU
		{637E8001-41F3-43C2-9BCE-5D232BB57BC2}.Debug|Any CPU.ActiveCfg = Debug|Any CPU
		{637E8001-41F3-43C2-9BCE-5D232BB57BC2}.Debug|Any CPU.Build.0 = Debug|Any CPU
		{637E8001-41F3-43C2-9BCE-5D232BB57BC2}.Release|Any CPU.ActiveCfg = Release|Any CPU
		{637E8001-41F3-43C2-9BCE-5D232BB57BC2}.Release|Any CPU.Build.0 = Release|Any CPU
		{1B3E2138-A1D0-4576-BB8B-A9E8E6B84FBE}.Debug|Any CPU.ActiveCfg = Debug|Any CPU
		{1B3E2138-A1D0-4576-BB8B-A9E8E6B84FBE}.Debug|Any CPU.Build.0 = Debug|Any CPU
		{1B3E2138-A1D0-4576-BB8B-A9E8E6B84FBE}.Release|Any CPU.ActiveCfg = Release|Any CPU
		{1B3E2138-A1D0-4576-BB8B-A9E8E6B84FBE}.Release|Any CPU.Build.0 = Release|Any CPU
	EndGlobalSection
	GlobalSection(SolutionProperties) = preSolution
		HideSolutionNode = FALSE
	EndGlobalSection
	GlobalSection(ExtensibilityGlobals) = postSolution
		SolutionGuid = {BFB36C95-EC64-4FFE-8225-C9657083E07B}
	EndGlobalSection
EndGlobal
